
Microsoft Visual Studio Solution File, Format Version 12.00
# Visual Studio Version 17
VisualStudioVersion = 17.13.35919.96 d17.13
MinimumVisualStudioVersion = 10.0.40219.1
Project("{8BC9CEB8-8B4A-11D0-8D11-00A0C91BC942}") = "Pong!", "Pong!\Pong!.vcxproj", "{E313209C-07F3-4BFB-B12F-BEF0F6C7DFA4}"
EndProject
Global
	GlobalSection(SolutionConfigurationPlatforms) = preSolution
		Debug|x64 = Debug|x64
		Release|x64 = Release|x64
	EndGlobalSection
	GlobalSection(ProjectConfigurationPlatforms) = postSolution
		{E313209C-07F3-4BFB-B12F-BEF0F6C7DFA4}.Debug|x64.ActiveCfg = Debug|x64
		{E313209C-07F3-4BFB-B12F-BEF0F6C7DFA4}.Debug|x64.Build.0 = Debug|x64
		{E313209C-07F3-4BFB-B12F-BEF0F6C7DFA4}.Release|x64.ActiveCfg = Release|x64
		{E313209C-07F3-4BFB-B12F-BEF0F6C7DFA4}.Release|x64.Build.0 = Release|x64
	EndGlobalSection
	GlobalSection(SolutionProperties) = preSolution
		HideSolutionNode = FALSE
	EndGlobalSection
	GlobalSection(ExtensibilityGlobals) = postSolution
		SolutionGuid = {1D9393A1-B6EB-46D5-B4F5-14CD51D02A6D}
	EndGlobalSection
EndGlobal
